
Microsoft Visual Studio Solution File, Format Version 12.00
# Visual Studio Version 17
VisualStudioVersion = 17.14.36121.58 d17.14
MinimumVisualStudioVersion = 10.0.40219.1
Project("{FAE04EC0-301F-11D3-BF4B-00C04F79EFBC}") = "check", "check.csproj", "{F8DE2A0E-B2F3-41F6-BBF0-B6F76FFC3832}"
EndProject
Global
	GlobalSection(SolutionConfigurationPlatforms) = preSolution
		Debug|Any CPU = Debug|Any CPU
		Release|Any CPU = Release|Any CPU
	EndGlobalSection
	GlobalSection(ProjectConfigurationPlatforms) = postSolution
		{F8DE2A0E-B2F3-41F6-BBF0-B6F76FFC3832}.Debug|Any CPU.ActiveCfg = Debug|Any CPU
		{F8DE2A0E-B2F3-41F6-BBF0-B6F76FFC3832}.Debug|Any CPU.Build.0 = Debug|Any CPU
		{F8DE2A0E-B2F3-41F6-BBF0-B6F76FFC3832}.Release|Any CPU.ActiveCfg = Release|Any CPU
		{F8DE2A0E-B2F3-41F6-BBF0-B6F76FFC3832}.Release|Any CPU.Build.0 = Release|Any CPU
	EndGlobalSection
	GlobalSection(SolutionProperties) = preSolution
		HideSolutionNode = FALSE
	EndGlobalSection
	GlobalSection(ExtensibilityGlobals) = postSolution
		SolutionGuid = {23872338-6F36-4EDC-A9DF-37A00AA90841}
	EndGlobalSection
EndGlobal
