
Microsoft Visual Studio Solution File, Format Version 12.00
# Visual Studio Version 17
VisualStudioVersion = 17.14.36121.58 d17.14
MinimumVisualStudioVersion = 10.0.40219.1
Project("{FAE04EC0-301F-11D3-BF4B-00C04F79EFBC}") = "loginregistrationform", "loginregistrationform.csproj", "{3600C93E-768A-40A7-B9DC-9CD00FEEC5EE}"
EndProject
Global
	GlobalSection(SolutionConfigurationPlatforms) = preSolution
		Debug|Any CPU = Debug|Any CPU
		Release|Any CPU = Release|Any CPU
	EndGlobalSection
	GlobalSection(ProjectConfigurationPlatforms) = postSolution
		{3600C93E-768A-40A7-B9DC-9CD00FEEC5EE}.Debug|Any CPU.ActiveCfg = Debug|Any CPU
		{3600C93E-768A-40A7-B9DC-9CD00FEEC5EE}.Debug|Any CPU.Build.0 = Debug|Any CPU
		{3600C93E-768A-40A7-B9DC-9CD00FEEC5EE}.Release|Any CPU.ActiveCfg = Release|Any CPU
		{3600C93E-768A-40A7-B9DC-9CD00FEEC5EE}.Release|Any CPU.Build.0 = Release|Any CPU
	EndGlobalSection
	GlobalSection(SolutionProperties) = preSolution
		HideSolutionNode = FALSE
	EndGlobalSection
	GlobalSection(ExtensibilityGlobals) = postSolution
		SolutionGuid = {4FD1592C-F213-41E8-92EE-3D1F5F0B4A95}
	EndGlobalSection
EndGlobal
