
Microsoft Visual Studio Solution File, Format Version 12.00
# Visual Studio Version 17
VisualStudioVersion = 17.14.36121.58 d17.14
MinimumVisualStudioVersion = 10.0.40219.1
Project("{FAE04EC0-301F-11D3-BF4B-00C04F79EFBC}") = "employeemannagementsystem", "employeemannagementsystem.csproj", "{0038E32F-9681-4F4D-AF41-1B43BB7E5579}"
EndProject
Global
	GlobalSection(SolutionConfigurationPlatforms) = preSolution
		Debug|Any CPU = Debug|Any CPU
		Release|Any CPU = Release|Any CPU
	EndGlobalSection
	GlobalSection(ProjectConfigurationPlatforms) = postSolution
		{0038E32F-9681-4F4D-AF41-1B43BB7E5579}.Debug|Any CPU.ActiveCfg = Debug|Any CPU
		{0038E32F-9681-4F4D-AF41-1B43BB7E5579}.Debug|Any CPU.Build.0 = Debug|Any CPU
		{0038E32F-9681-4F4D-AF41-1B43BB7E5579}.Release|Any CPU.ActiveCfg = Release|Any CPU
		{0038E32F-9681-4F4D-AF41-1B43BB7E5579}.Release|Any CPU.Build.0 = Release|Any CPU
	EndGlobalSection
	GlobalSection(SolutionProperties) = preSolution
		HideSolutionNode = FALSE
	EndGlobalSection
	GlobalSection(ExtensibilityGlobals) = postSolution
		SolutionGuid = {25689877-B18D-44BD-BA42-A42A37524676}
	EndGlobalSection
EndGlobal
