
Microsoft Visual Studio Solution File, Format Version 12.00
# Visual Studio Version 17
VisualStudioVersion = 17.14.36121.58 d17.14
MinimumVisualStudioVersion = 10.0.40219.1
Project("{FAE04EC0-301F-11D3-BF4B-00C04F79EFBC}") = "achivesuccess", "achivesuccess.csproj", "{6C46E217-9CAF-4A15-A522-2CDE693FF6F9}"
EndProject
Global
	GlobalSection(SolutionConfigurationPlatforms) = preSolution
		Debug|Any CPU = Debug|Any CPU
		Release|Any CPU = Release|Any CPU
	EndGlobalSection
	GlobalSection(ProjectConfigurationPlatforms) = postSolution
		{6C46E217-9CAF-4A15-A522-2CDE693FF6F9}.Debug|Any CPU.ActiveCfg = Debug|Any CPU
		{6C46E217-9CAF-4A15-A522-2CDE693FF6F9}.Debug|Any CPU.Build.0 = Debug|Any CPU
		{6C46E217-9CAF-4A15-A522-2CDE693FF6F9}.Release|Any CPU.ActiveCfg = Release|Any CPU
		{6C46E217-9CAF-4A15-A522-2CDE693FF6F9}.Release|Any CPU.Build.0 = Release|Any CPU
	EndGlobalSection
	GlobalSection(SolutionProperties) = preSolution
		HideSolutionNode = FALSE
	EndGlobalSection
	GlobalSection(ExtensibilityGlobals) = postSolution
		SolutionGuid = {006EDDBF-F14F-441A-B729-96A912CABCF9}
	EndGlobalSection
EndGlobal
