
Microsoft Visual Studio Solution File, Format Version 12.00
# Visual Studio Version 17
VisualStudioVersion = 17.14.36121.58 d17.14
MinimumVisualStudioVersion = 10.0.40219.1
Project("{FAE04EC0-301F-11D3-BF4B-00C04F79EFBC}") = "check5", "check5.csproj", "{891EDE87-8555-4371-A169-9BD9184EC5E2}"
EndProject
Global
	GlobalSection(SolutionConfigurationPlatforms) = preSolution
		Debug|Any CPU = Debug|Any CPU
		Release|Any CPU = Release|Any CPU
	EndGlobalSection
	GlobalSection(ProjectConfigurationPlatforms) = postSolution
		{891EDE87-8555-4371-A169-9BD9184EC5E2}.Debug|Any CPU.ActiveCfg = Debug|Any CPU
		{891EDE87-8555-4371-A169-9BD9184EC5E2}.Debug|Any CPU.Build.0 = Debug|Any CPU
		{891EDE87-8555-4371-A169-9BD9184EC5E2}.Release|Any CPU.ActiveCfg = Release|Any CPU
		{891EDE87-8555-4371-A169-9BD9184EC5E2}.Release|Any CPU.Build.0 = Release|Any CPU
	EndGlobalSection
	GlobalSection(SolutionProperties) = preSolution
		HideSolutionNode = FALSE
	EndGlobalSection
	GlobalSection(ExtensibilityGlobals) = postSolution
		SolutionGuid = {C4FCB826-BC51-4A90-BAD7-5C05753C5544}
	EndGlobalSection
EndGlobal
